
Microsoft Visual Studio Solution File, Format Version 12.00
# Visual Studio Version 16
VisualStudioVersion = 16.0.31019.35
MinimumVisualStudioVersion = 10.0.40219.1
Project("{FAE04EC0-301F-11D3-BF4B-00C04F79EFBC}") = "Spoof-Bot-Hibornator", "Spoof-Bot-Hibornator\Spoof-Bot-Hibornator.csproj", "{A9A23C45-EA5E-4231-9389-272C26DE738E}"
EndProject
Global
	GlobalSection(SolutionConfigurationPlatforms) = preSolution
		Debug|Any CPU = Debug|Any CPU
		Release|Any CPU = Release|Any CPU
	EndGlobalSection
	GlobalSection(ProjectConfigurationPlatforms) = postSolution
		{A9A23C45-EA5E-4231-9389-272C26DE738E}.Debug|Any CPU.ActiveCfg = Debug|Any CPU
		{A9A23C45-EA5E-4231-9389-272C26DE738E}.Debug|Any CPU.Build.0 = Debug|Any CPU
		{A9A23C45-EA5E-4231-9389-272C26DE738E}.Release|Any CPU.ActiveCfg = Release|Any CPU
		{A9A23C45-EA5E-4231-9389-272C26DE738E}.Release|Any CPU.Build.0 = Release|Any CPU
	EndGlobalSection
	GlobalSection(SolutionProperties) = preSolution
		HideSolutionNode = FALSE
	EndGlobalSection
	GlobalSection(ExtensibilityGlobals) = postSolution
		SolutionGuid = {2DC18066-EF2D-4F36-BF3E-11951070DE4A}
	EndGlobalSection
EndGlobal
