
Microsoft Visual Studio Solution File, Format Version 12.00
# Visual Studio Version 16
VisualStudioVersion = 16.0.31019.35
MinimumVisualStudioVersion = 10.0.40219.1
Project("{FAE04EC0-301F-11D3-BF4B-00C04F79EFBC}") = "Spoof-Bot-Hybernator", "Spoof-Bot-Hybernator\Spoof-Bot-Hybernator.csproj", "{88757F32-80F4-426F-9B01-DBC0B22FFA73}"
EndProject
Global
	GlobalSection(SolutionConfigurationPlatforms) = preSolution
		Debug|Any CPU = Debug|Any CPU
		Release|Any CPU = Release|Any CPU
	EndGlobalSection
	GlobalSection(ProjectConfigurationPlatforms) = postSolution
		{88757F32-80F4-426F-9B01-DBC0B22FFA73}.Debug|Any CPU.ActiveCfg = Debug|Any CPU
		{88757F32-80F4-426F-9B01-DBC0B22FFA73}.Debug|Any CPU.Build.0 = Debug|Any CPU
		{88757F32-80F4-426F-9B01-DBC0B22FFA73}.Release|Any CPU.ActiveCfg = Release|Any CPU
		{88757F32-80F4-426F-9B01-DBC0B22FFA73}.Release|Any CPU.Build.0 = Release|Any CPU
	EndGlobalSection
	GlobalSection(SolutionProperties) = preSolution
		HideSolutionNode = FALSE
	EndGlobalSection
	GlobalSection(ExtensibilityGlobals) = postSolution
		SolutionGuid = {43E57910-FDEF-42B6-8E15-4227894AE0C0}
	EndGlobalSection
EndGlobal
